{
  "name": "capacitor-jok-helper",
  "version": "1.35.0",
  "lockfileVersion": 3,
  "requires": true,
  "packages": {
    "": {
      "name": "capacitor-jok-helper",
      "version": "1.35.0",
      "license": "MIT",
      "dependencies": {
        "@capacitor/core": "latest"
      },
      "devDependencies": {
        "@capacitor/android": "latest",
        "@capacitor/ios": "latest",
        "typescript": "^5.5.3"
      }
    },
    "node_modules/@capacitor/android": {
      "version": "6.1.0",
      "resolved": "https://registry.npmjs.org/@capacitor/android/-/android-6.1.0.tgz",
      "integrity": "sha512-S4PW4N5xtKHTrICjG7bkBhI70jdXbb+8nbm1pJpuXChCD0gkCcofJhPaw4bCoO0egcugBN1U7DkegNw5jWpHcw==",
      "dev": true,
      "peerDependencies": {
        "@capacitor/core": "^6.1.0"
      }
    },
    "node_modules/@capacitor/core": {
      "version": "6.1.0",
      "resolved": "https://registry.npmjs.org/@capacitor/core/-/core-6.1.0.tgz",
      "integrity": "sha512-Kt4ONm0X9xxJXn9Q73oBaKdzep5B/VJw3VjXa2eGul4cD2k37mJwgjpXSMRnLH0Aju5bCiRL8J/hMAfTlokO6A==",
      "dependencies": {
        "tslib": "^2.1.0"
      }
    },
    "node_modules/@capacitor/ios": {
      "version": "6.1.0",
      "resolved": "https://registry.npmjs.org/@capacitor/ios/-/ios-6.1.0.tgz",
      "integrity": "sha512-ex2q0LAyDDgfJj4fKDQuSNUYSpic3939/8A/sIIIxslwuRBF5i5fuhAngu6BhCt/pQSfEETcHtg2j2vD+YEZ2w==",
      "dev": true,
      "peerDependencies": {
        "@capacitor/core": "^6.1.0"
      }
    },
    "node_modules/tslib": {
      "version": "2.6.3",
      "resolved": "https://registry.npmjs.org/tslib/-/tslib-2.6.3.tgz",
      "integrity": "sha512-xNvxJEOUiWPGhUuUdQgAJPKOOJfGnIyKySOc09XkKsgdUV/3E2zvwZYdejjmRgPCgcym1juLH3226yA7sEFJKQ=="
    },
    "node_modules/typescript": {
      "version": "5.5.3",
      "resolved": "https://registry.npmjs.org/typescript/-/typescript-5.5.3.tgz",
      "integrity": "sha512-/hreyEujaB0w76zKo6717l3L0o/qEUtRgdvUBvlkhoWeOVMjMuHNHk0BRBzikzuGDqNmPQbg5ifMEqsHLiIUcQ==",
      "dev": true,
      "bin": {
        "tsc": "bin/tsc",
        "tsserver": "bin/tsserver"
      },
      "engines": {
        "node": ">=14.17"
      }
    }
  }
}
