# THIS IS AN AUTOGENERATED FILE. DO NOT EDIT THIS FILE DIRECTLY.
# yarn lockfile v1


"@capacitor/android@latest":
  version "1.0.0-beta.25"
  resolved "https://registry.yarnpkg.com/@capacitor/android/-/android-1.0.0-beta.25.tgz#673cf9708bc9b40cb195455e94e570fe0275547b"
  integrity sha512-d+93aHAXJnWM4lBtvGOfbNRfl5R+3j59Tz9KohP03pwtTE4kqwm6wq5Gu9YOYFHySn+MCe7iXZfRUYLemif++g==

"@capacitor/core@latest":
  version "1.0.0-beta.25"
  resolved "https://registry.yarnpkg.com/@capacitor/core/-/core-1.0.0-beta.25.tgz#81deb7b36aa008c2f19d22f4ad21e6da2315c1eb"
  integrity sha512-DjVY0J0q3wUAOCVd5n2Dx6eSwc5AiRZcjL0qvi/7J34WQ2q++BKEp3nA0jNfdITnh9jbDd4LeBRDzIoqb6djZQ==
  dependencies:
    tslib "^1.9.0"

"@capacitor/ios@latest":
  version "1.0.0-beta.25"
  resolved "https://registry.yarnpkg.com/@capacitor/ios/-/ios-1.0.0-beta.25.tgz#98644330398d64fd694882337f34d8ca2336cd64"
  integrity sha512-ZDjSqHt2f2ci5Frf2r2yca8JNwzmS8brw0aX55MLx7iciFAo7Esda83RDj3/bacvdamVV99Qx00QPQ7bMJco4w==

tslib@^1.9.0:
  version "1.9.3"
  resolved "https://registry.yarnpkg.com/tslib/-/tslib-1.9.3.tgz#d7e4dd79245d85428c4d7e4822a79917954ca286"
  integrity sha512-4krF8scpejhaOgqzBEcGM7yDIEfi0/8+8zDRZhNZZ2kjmHJ4hv3zCbQWxoJGz1iw5U0Jl0nma13xzHXcncMavQ==

typescript@^3.2.4:
  version "3.4.5"
  resolved "https://registry.yarnpkg.com/typescript/-/typescript-3.4.5.tgz#2d2618d10bb566572b8d7aad5180d84257d70a99"
  integrity sha512-YycBxUb49UUhdNMU5aJ7z5Ej2XGmaIBL0x34vZ82fn3hGvD+bgrMrVDpatgz2f7YxUMJxMkbWxJZeAvDxVe7Vw==
